
Microsoft Visual Studio Solution File, Format Version 12.00
# Visual Studio Version 17
VisualStudioVersion = 17.0.32014.148
MinimumVisualStudioVersion = 10.0.40219.1
Project("{FAE04EC0-301F-11D3-BF4B-00C04F79EFBC}") = "Project_Settings", "Project_Settings.csproj", "{AC98AF8D-179C-4EF6-B4EE-E7D80D822518}"
EndProject
Global
	GlobalSection(SolutionConfigurationPlatforms) = preSolution
		Debug|Any CPU = Debug|Any CPU
		Release|Any CPU = Release|Any CPU
	EndGlobalSection
	GlobalSection(ProjectConfigurationPlatforms) = postSolution
		{AC98AF8D-179C-4EF6-B4EE-E7D80D822518}.Debug|Any CPU.ActiveCfg = Debug|Any CPU
		{AC98AF8D-179C-4EF6-B4EE-E7D80D822518}.Debug|Any CPU.Build.0 = Debug|Any CPU
		{AC98AF8D-179C-4EF6-B4EE-E7D80D822518}.Release|Any CPU.ActiveCfg = Release|Any CPU
		{AC98AF8D-179C-4EF6-B4EE-E7D80D822518}.Release|Any CPU.Build.0 = Release|Any CPU
	EndGlobalSection
	GlobalSection(SolutionProperties) = preSolution
		HideSolutionNode = FALSE
	EndGlobalSection
	GlobalSection(ExtensibilityGlobals) = postSolution
		SolutionGuid = {B6EEE8FB-49D5-4C01-BE97-F77CDF8B24F1}
	EndGlobalSection
EndGlobal
